# Runtime dependencies pinned to exact versions together with their checksums.
# Installed via `pip install --require-hashes`, so a swapped artifact on PyPI
# will not slip through unnoticed.
#
# The sums cover every distribution of a given version (wheels for the various
# platforms and the source archive), so the lockfile works on other machines.
#
# Updating: by hand, after re-testing pairing and the keys on real hardware.

aiofiles==25.1.0 \
    --hash=sha256:a8d728f0a29de45dc521f18f07297428d56992a742f0cd2701ba86e44d23d5b2 \
    --hash=sha256:abe311e527c862958650f9438e859c1fa7568a141b22abcd015e120e86a85695
androidtvremote2==0.3.2 \
    --hash=sha256:68fa96ca25ac8ddcb20a64c4c61481a37539b301b899f733f3fb1fc134ea8763 \
    --hash=sha256:b3818c316d8416912f46aac489dbd2bc277814a72b6fb1c4c45c71b6424fc13c
cffi==2.1.1 \
    --hash=sha256:046bfc24911b37851ee1b51aab8bffe713d89c68c6a057b09484ce9fd5f69b4e \
    --hash=sha256:06c72bb76605a4b0cd0aad6930b69d4baf7dd5d806cfc409b824191099700e66 \
    --hash=sha256:0beceaabe56af686895136a2de78db54ecd8e4046b236b8fd6d6cb61389e9bf2 \
    --hash=sha256:154852545011f779917b11c78db2358d095da62a9a172b78ad0a583ee5adc0d0 \
    --hash=sha256:194cffa889098ced9976c3fc6340305e43f6303657d298da55366907c05c22d6 \
    --hash=sha256:19ee6127ee34de7d83ce3d371ebc5ed91addbdcc39f9ab15ce4eb35a4e534971 \
    --hash=sha256:1a18a57b58cfb21fc28d72e876acf10eaed67a1ed96226f92af4df681d571c4c \
    --hash=sha256:1aa5645c30469b09530c4ebca77ebf8f17618293c58f8549cb1a543a50236e7d \
    --hash=sha256:1dea0e4d7d4f11f619fe8c1d76caf49e24405b4b5743c0e3be16a500ecd930c9 \
    --hash=sha256:208f941bb9d18e768138677f0a6d2ce01f590df56043dda1df1535ac57c88517 \
    --hash=sha256:210019b6c7cf07f081b4c54635c8cf744377001350e29cc0f81c4377b4797735 \
    --hash=sha256:246fa40ce8645a614ff682e0b70f37134e460eaf93a775e0cbe3cca585a67a80 \
    --hash=sha256:25792eac27877609e7bb06d42ff88278a6624fff2ba9bbb523c09616b117e80f \
    --hash=sha256:27350daa11d4f10c540e6e89dada4c54feb7256ad03e9a4dc075ebad7ba360d1 \
    --hash=sha256:28907ab9bfb6aa13184cfc17c6b8e1023c5ab6fd7076d8c20a35e59fe04f8f29 \
    --hash=sha256:2ae64be792b8966f2c69538199728b290e34726562896df1e5dc8ffd8d8188e8 \
    --hash=sha256:31348097ff5bbe827ccc41795d4dd099d9f0625e7def00ee653c137a490c2a6c \
    --hash=sha256:3143d81e29e1e20a9ce10901ec369012947876596f75a222235965f2b7ae832e \
    --hash=sha256:3222ba5d678f80a030e6afbcc33dc1ae5cb45facabb61cee2c7016b8432fde48 \
    --hash=sha256:3311ed60d36f83378794e1009ac6258bafbf81f7888b4caa7b35a521e3f95813 \
    --hash=sha256:334644fbac4eff73d985a17a91226df55d0f394160c4cfb880e084c8f7161cac \
    --hash=sha256:34e261f78cb6ceaaa36f42f2613f4380d94d9c759a9c73c769ee6e0247364632 \
    --hash=sha256:363e05fa78e15116c3c32c210ee36884fd6b9afa6d440e47112c3bd511d64cb6 \
    --hash=sha256:398aff33cee2767e3e781d2554c54bd0dff386bb437581e0d8011fde1a942ec1 \
    --hash=sha256:3d22a20b1fb1632cc72c22f95f7b0d2961c3e1c235f245ba4c606c4771035659 \
    --hash=sha256:42a494cee34437f05546455144f2b5d9ac09b1face62bcfce597d2e521066688 \
    --hash=sha256:42e2f76b9455f5a9a844f770bf3e200ed3da0e15f5df3db9c31fe80b04b3d004 \
    --hash=sha256:42f6930c31dc7f50732c9ae793c2786c7b6b044195967bbdde40bb9be81c4cc0 \
    --hash=sha256:456a61fa52d579ebf9df2e9552ead5129855dbaff6c1e5a9b1bc408809bdc062 \
    --hash=sha256:471cee653ae88de62096552e6d24ccb4a5adb8c8c9f10b5054d0122c15bf2779 \
    --hash=sha256:49cbc70e6542d4ccccb936558d1064a8012541e78f821f955cff24e357776c94 \
    --hash=sha256:4a7c934f7360e8cd64fe9efadcbd10c7c6364f531e432b9a4bf5ccbc9e0e8b50 \
    --hash=sha256:4be96343e422f2dfcd12ab5c9f5aebe03f82f737c6bffeca6830b3875cb44aab \
    --hash=sha256:4f42141fc14250de6dde5ee7ea4432be017252d91f19c5ad043c084cea629cac \
    --hash=sha256:507a24c282e0f42f8ed737cf048572cbf580468da5555764a8331735e9c736b6 \
    --hash=sha256:51b31d1c98274844cfd7838ce00bfc27c7423a4dc00fc0772fc3331c2cc90676 \
    --hash=sha256:58acb8ab8e295e6c5ea12f888cbb13cf21511ef2a3303a23f4325c29d17fe5c1 \
    --hash=sha256:5a59cc1c4442bc3d5c703bf720b51138d0bfc173618807c9ee2490a7541dd3d9 \
    --hash=sha256:5bb4e7ea95dcd6a014a6fef62e62467d67d8e582326443f3d68e71d6320a9fcf \
    --hash=sha256:5c58fe613dc5e5336357eff555824a314d8e43282600435c8d1cb6a7a2fedd13 \
    --hash=sha256:5e7cecbaadb83884793e05828cee59b210b24583b9c7425d0ba6a754fe22eb4e \
    --hash=sha256:616f097f2fe415bc92a247f02e11f634e1f9e9a83d327e3c915c15089c87869e \
    --hash=sha256:63bbfd5ded17c4840ac07cd8f1c21ba9d9708141f840b324f422f41b207e3973 \
    --hash=sha256:64faea20f4e2613363a1a9b9c7dd73058f3ecd00133a511e72ad7c511658f527 \
    --hash=sha256:661c298b4821edebead0c91edd2b00374d67ad7c5a1f7a91d4442633b79d6a72 \
    --hash=sha256:68e62fe11f30d5ca8289242866f0a5291402d8529ca2178ab8afc5c9694ae890 \
    --hash=sha256:6a8dddef476fab96d066d578fc88526767b836ab5ab21754e1d5bf3879c31c7c \
    --hash=sha256:6e192623c49c94421616a5778fba35cf0d5a8d000650c1967ef4448ee5cdd990 \
    --hash=sha256:7225e4514edb64eb6740324353e0da0711954fd8d7da4576755b1c6e09b697cd \
    --hash=sha256:75f80557d1389eddbd0de2681f6a390a0c5338c31ddaa821381c203fc3fd50d9 \
    --hash=sha256:770de9db11e84213beec501cfcaa013b019820ca881e03344dea5844f7876d94 \
    --hash=sha256:7750c6449dff7864bb9bb27ddfb0267756189201a3afc911d82b3caacd70dfc3 \
    --hash=sha256:7bde5e4cc5c10140859842b9d383af292b22639a4dffb725314baf45968cef80 \
    --hash=sha256:7ce713ace7c0e4520535b42b77eaa742c16dab813978064913e5a3cf82973b41 \
    --hash=sha256:7da0c5eff80f0197f3b3d1232ec5a682a9325f4ae9016a78f5f5ca35f9ced1f5 \
    --hash=sha256:7dbb61fe3a7699468030f71bbe5f8a0e326a151daa91beb11a6fc1f980c55e1c \
    --hash=sha256:811bd1e21d32de12efca32393a0ab3f5133b54fce9bd44b8bd77ab07da14bf6a \
    --hash=sha256:8ef53b2de9bcb9197d31854256575d59dbac0cba72ac627bb291ef5eceb74be4 \
    --hash=sha256:937c0052c05a31ca1daf18de3158eed4dbfcb9cc107adbea227728d647be701e \
    --hash=sha256:9d2055050ea716bd38b7f7f1579c275386646b4894c155a3e2f3cd62ed41b7c6 \
    --hash=sha256:9f8d177621de5cb38ee3e731eda45d421db093ec0739f46a5594babda7987a98 \
    --hash=sha256:a2d7755bef5a12ed488f4ef1f1b69ee9191d7396083b755a5d2295f6edb4768b \
    --hash=sha256:a48d62ab9d6f4f98c983223a547af44be6ca3691074c31cecced6facd3ba2dc1 \
    --hash=sha256:a4f00aa42f75d6e4595e8866e748cc1705adc0cddfeb2ca86d0d03993d63ba03 \
    --hash=sha256:a6e721d4b0e45d5b65e87534470e67b18dcd092c83f68fba09f152b9cbc061af \
    --hash=sha256:a730a083190634c65cca36ba5f489531576ebd79bcd5c8e172130f6453127231 \
    --hash=sha256:a931079504ecc49efed7744c476a5c343a92fabf66dec2db95edb1b2fdc770e2 \
    --hash=sha256:aa9511c62d14da7aacc9b4bf51f3f697a621e83b2d6919008243c3aad168eea3 \
    --hash=sha256:ab36d55f9ed2d067327667c2fea18dda018eb628dd6347aa01dda6cf1f5d3836 \
    --hash=sha256:ad2c86c495b899d862ea0f4b42891b8713a3bd45dd4105c7fd51c2a72f39f3a5 \
    --hash=sha256:aeae0e330c9f6acd681f647d46cefd30c29f93e3392882e792e82080c9691399 \
    --hash=sha256:b0431303acaea1089ad4b3e9ce4e6518193def1118d4073ca848635ee4ea2e96 \
    --hash=sha256:b5bdfd1c873d4e093aabc0ca84c4ca6dbc4f752afb5c86f146d9742580c9da2e \
    --hash=sha256:baed1e86cc735622097354b9d1281406caf42ff42a886d29faa8e8d1630333be \
    --hash=sha256:c1453022f490d2459a11819d83ad1d586e9ff65a12ac3e705ffebd46d3685dcf \
    --hash=sha256:c26608d2222fb1e94487e4a387d85f13eb55d5ed725cb25a0c589ac4ee60e7bc \
    --hash=sha256:c7659f22557c5a0bc4855cd635f55edec690cc008a40768527762cb9fb263455 \
    --hash=sha256:c8c69575568085ba0b1b10c0249d779a214aea6f6522e949a0fc9fb0fcb449d0 \
    --hash=sha256:c8d2c9fd1f2d16f780d15127abb050d13d1a76c03a4bd87d7e4980e45e511e12 \
    --hash=sha256:ca82be1a1d406ecfe1d25dc16cb33488e5a16bf4438c9fb590484ea29d92478b \
    --hash=sha256:cc572dace3f60ef98d7b12ff411d20f5362feb31a0439eab0085bbfd349982d7 \
    --hash=sha256:d18e5ac0f2f03f4f518d3e23db0f0cad7faa1da8620e9c09461d443bbf6e6692 \
    --hash=sha256:d28630f5854ab07ab1fd4aba756de52326c82e6be15d414b12793f1975048b54 \
    --hash=sha256:d9c275eaacd24aa73f94ffd6de08fc3f932424d8b6c376f4bed7cde376fe7bc3 \
    --hash=sha256:da0e573f9f97159390c89d9f1a9e41908b66d408cc5b58d08cf3847d844c531b \
    --hash=sha256:dd31f52ea1086513bb9df30f8fcee9b8918323ae067a3d5b78bc826a000712be \
    --hash=sha256:dddad92b554513a31f272570678ba307fb9f618f05e3d4a5eacafff9eae03e1d \
    --hash=sha256:df423d40ee8654634421812bc3b196da3f9bd7d32929da813f8394c4348a5358 \
    --hash=sha256:df913725b79db7bcf03448f36b7bf8815363417d5b58deecf9305e3e30f0f21a \
    --hash=sha256:e0bcb7e0f677f543555d2adff3bf19c05f66cdb4796e5ff602442ab2fe3c4ef7 \
    --hash=sha256:e2d65b31f36619cda3999b78b2aa9632e76b78448e7a56fc4240824200e7c4fc \
    --hash=sha256:e6e8cff14d6fb0be70a09c0bdc58096f501952d04624ebf867e0e56da2df8960 \
    --hash=sha256:f16c709686a78c727bbbf059f92b0bf41c6fc60deec706d2dc19f529175a6125 \
    --hash=sha256:f24fb43132a4c6b4cb4eb029492919b2db645be6808d738f244fd146c03c32cb \
    --hash=sha256:f53e442b08449d42821fa4a4fba000095af9f62742a500f978a9f557ec44339a \
    --hash=sha256:f5cfbc5fe74540d335175b656c725d74d90e3730c626d92575eea35029d9afaa \
    --hash=sha256:f81b3b8f3d4e343550fa4baa0e479bba9f2d29ce9c2e9b51d1ce1718d7442fcf \
    --hash=sha256:f8ec5e643a9a937f64e1999eb9f75d072263751912dc5cd06d3c85f8f44be7c3 \
    --hash=sha256:fb92203a88b3d3053034db775110081c49d28be6551923805e039924093761e4 \
    --hash=sha256:fcd22650c908d7b7da162bbfaab594a1227a15d1643a98c68b122ac642fa2264
cryptography==50.0.1 \
    --hash=sha256:01f41478cf33fc605a6a089cd56d28b45c6c0b45a1928b61797f2621a04bac71 \
    --hash=sha256:05ba322c4da95b262a212c345af888ef2c37c88c0509756ea00a0e6d68850f23 \
    --hash=sha256:16c5ecd954b3330ebfb6605eca4fd952da8bef376551d5cc264534e3770a9ee6 \
    --hash=sha256:2a93d05e34d5f67fba6f891fe85d929999baa7195e853923ea6d7576c9e68c5e \
    --hash=sha256:2b34d76a652ea2b6faf777c35df230c5637842cd904e04f16230c3f9f03e4361 \
    --hash=sha256:2ebbfb0f1fed745e91796e3e1080a1440423fdae8ece1b995a1d80883a409054 \
    --hash=sha256:30a125032e5642a21ff816e021152bd4e7e94f03eff3f4b7fca41cd22bc3110f \
    --hash=sha256:330fbb252391c596f1ae42c5754449dc924e6ad012dca8efe0d703f9f2d12ec6 \
    --hash=sha256:359e62deae718bce96170e223fdcb6357e4fbd3bb7a3a75f4430763532560e49 \
    --hash=sha256:407fe2b6db00939c05c0e945e9914238f2f0a430974839429dafc82b1ee6bee5 \
    --hash=sha256:42be3bb70596b3abe4ac097b75be223e8b3ab614a0e5de068e3dcc54d71d6149 \
    --hash=sha256:4c4188f7c0cf655be5c06342b817ed0f9595b69ffa2b12026e5353eed29dea88 \
    --hash=sha256:51593d180cf6d179bde5c5d065bed81386b1f381656ae7d042b7ffc87a9895ad \
    --hash=sha256:51afcfceb15597cf2635068e4ac9a56b2abde622edde17f37d85fd7b5306497a \
    --hash=sha256:53e279950892dc102c6b4e52af03ae5ea92fac572a1ddab78ca73a997f62b69f \
    --hash=sha256:55d16b1ef3ee0958d893a977b19777887e546c9954ea81b200c3301a864013f2 \
    --hash=sha256:5dd9bda1c12b4162f6ff568eeb5e0ff956c28d14406e875cfe8a63a2d414ff20 \
    --hash=sha256:5fe002589592ed749ce77fe0695fcbd3500dd61d7d6db5858a7544c612fa8e45 \
    --hash=sha256:5fe939deeb161024a6be98229c953b6591fef1f41214497a78fe793a244c017f \
    --hash=sha256:693c99b49bd37d0d096e4334c10232c77248c415b98d35236094cdf96d57258b \
    --hash=sha256:76de83fbd91ac49c0feaaa983d0748fd7a53176afac5fb3bf7478d244f0eb527 \
    --hash=sha256:79bf008d1f9af6071c797ad133e39915dfee7614f18f18f4db9072eb715064a3 \
    --hash=sha256:804728ce710890870f3aaa344b2e161172d258d768ac139d02cfd9092d0d94e6 \
    --hash=sha256:8921d58f426793c5f1b47f0b59575780de9a095214958d0eb37d909593db8367 \
    --hash=sha256:8df2de9102026855887e4587084f6eabd80ed0f345b8ad8a7ac27ab9bf4723e0 \
    --hash=sha256:9cb3cb952cf5a8abd50c782a98a89d71699715e802fe349704b47f2425b42a94 \
    --hash=sha256:9dde0a357190eb3b1da1bb9ab750e9c85cba82ca5977aa0836cbb94e92611239 \
    --hash=sha256:9ebcdd5519be9b652a46f507817a74591774fc3d6923ac364e4dfa64e36b291b \
    --hash=sha256:a0b1a59e3a089064a0ec309e9428c8e3ae4e161419d20ac33600767e83fc658a \
    --hash=sha256:a255449073358275b64b67d3f595f268bbef70e72b6edb65e0c70c735bf739c9 \
    --hash=sha256:a8f40ea47330e71b594a7e246898f93177c259490c63183dbaf9e571d71ed9a5 \
    --hash=sha256:ac02b07824d4d1001bd4367599f839c19cb171924c796e52c23508ac14c2c0cc \
    --hash=sha256:aed8db4f6d71c51efb89530e12d9464e7bf2923d46c3205dc794a2a93f8c0648 \
    --hash=sha256:b8f852c65863251b9e3a1b8c150ce21e59b522dbb6a7d4bc80e680d38388e986 \
    --hash=sha256:be224a65493ec5b74a158ff22a5522ce4a5ca1e543c647a3a4730d4a09e5f959 \
    --hash=sha256:ca83d00d9e69cd5eb63f2e69c3a5a59e0cecae5ae14c6ae0b35830fe3b37bad0 \
    --hash=sha256:cbf74a81765ee67413503ca6e26dcc4f6f5a519822436cc0a1b97aab6c1b8a17 \
    --hash=sha256:d63ae8f6481fec907ac0f588eee8a90aefde112c633131fe540e5711ddbb5a4e \
    --hash=sha256:e22dfed744bd4002e909464cb23d2f0b05c6f3113a79ef2e9864a53db737c733 \
    --hash=sha256:e2ca8fd1b6b4b82a1c4cb02841d0837e3c12336c2e24b520ab8ab3b969733d8f \
    --hash=sha256:e74591e283fe6eb956416c929eb58262a719fe0311fd9054c62c3350ed8760d8 \
    --hash=sha256:f74455bb086a85d5e81246412602aaa97ed095e504cd40dd261ef50be42205bf \
    --hash=sha256:fb4b9672d389c738b175c4166e78310f8a70358886aacd9173ee03a85ffdc671 \
    --hash=sha256:fc3ed7ebd2a8c96f5b166de0ab9b624996bef3b07bbeb19364dfb78222c22c80 \
    --hash=sha256:fd3718b960d0b5dd213cdf03f3bcb7000e69dda0de8b956061947ff6bcff5558 \
    --hash=sha256:ff838d62ec1bfce4f9ba7fa16f4a7b554cd8d0c299e6be37502161a660c84eef
ifaddr==0.2.0 \
    --hash=sha256:085e0305cfe6f16ab12d72e2024030f5d52674afad6911bb1eee207177b8a748 \
    --hash=sha256:cc0cbfcaabf765d44595825fb96a99bb12c79716b73b44330ea38ee2b0c4aed4
protobuf==7.36.2 \
    --hash=sha256:497d0463ff3316681da6c0b9e8d06cb465d61abce00b613ab42226175644d1bb \
    --hash=sha256:89f23aa53c24553a2416fd4fd1ec06f74fa42b14b546d8883128813f775bbfd2 \
    --hash=sha256:912c1221170e16c08d1f086762f563dd61ff83c18b5fa6652952dfaded66f728 \
    --hash=sha256:a300819d441e078a5608c0d3c709796bb548136058fda017ae51d425b44fd353 \
    --hash=sha256:bdb3a345d48db958e6ce1f18e508beb0cc981d64f24088427549c866cd039f1e \
    --hash=sha256:cbc70b17ee27e28894c7fee8bb04be1abead49e936bc70eb60052531eee2079e \
    --hash=sha256:e11e1f0180583a2af89db6a2ecd9e8dc40aa6d2988ca175bfd0e6d12ea72d74e \
    --hash=sha256:f4fee11ec330d238b34a05c9b675f693c20415d1c5bd7d5320cc2f8a798eb9cf
pycparser==3.0 \
    --hash=sha256:600f49d217304a5902ac3c37e1281c9fe94e4d0489de643a9504c5cdfdfc6b29 \
    --hash=sha256:b727414169a36b7d524c1c3e31839a521725078d7b2ff038656844266160a992
zeroconf==0.151.3 \
    --hash=sha256:022470d54a941805ea30ab57ca2abf443dd6e6a3d79e178149e427864756cd88 \
    --hash=sha256:04f0801e0f9955b44971cd9aac4204c2f3bcca779f4e4bb27d6ef7db5d85f22d \
    --hash=sha256:07a21a694d9496ab68aba2aa7d9d628e24d6f3f89766a8cac526395cf7bbb4ae \
    --hash=sha256:13dfca4530a1fddca4ff18cc2794c2fea0a7c5a4c66cbcbe7ad51e968edaf5e7 \
    --hash=sha256:13e3f70fcd64a75eccadfa91baafc9a5e498736299af7511b02421a0f3bcc7a1 \
    --hash=sha256:1aa300ba3cc084264b9be6fc2659f003577a1c83bf67920c7cdb4de9b571543a \
    --hash=sha256:1eee2348d9863a8821ba6cbdc9af97bfb8a79109c8b400cce59679d4d100eb52 \
    --hash=sha256:2904563547eb34368b9b988e657672bad2e7732a4a9990732a9666ae82970c0c \
    --hash=sha256:2d6cf45c64be5fe4e42ea08f27edc63293357ccc04f850911a96e0fa5647dd4f \
    --hash=sha256:2e42be39f72e06feaadc40509b081ab7c468fed1f19d1dc3714bc0f3a29be2dd \
    --hash=sha256:2e54bcec212e030b06d9af35b19d5f8144427b52d3fb2c0e06f015a25fe50f08 \
    --hash=sha256:38d1373c0e0dee5941cccef5550e0de34a49c2abbd83199b8ef42a42fbc549c6 \
    --hash=sha256:397a824856fad1aea642640bad40e9a52a6ea9fe5ee2954b5ec7f46d9985bf08 \
    --hash=sha256:3b5ac9625b008e13a0571d12d9650afbf66c7d01b35cc986894fa591e7d606a2 \
    --hash=sha256:3ca29e53e3e64e6bac06c4132db45d01060cfdf16a3070925a6a49a5d1278cbf \
    --hash=sha256:45bd0e92fcbb6f8d5851f5575792b5f18a85856ae69fee601da4ed3d7cdcfa09 \
    --hash=sha256:4c01d8ca4fc85c107448c2802edfbc39845b06c3a1cb72a3f4337c030f4a9ff3 \
    --hash=sha256:5061fbb4052411c1e23d1164e885a7b83846f4823b069e985a74895cd34a8e6c \
    --hash=sha256:59bde1d42ca1e9aa665787d97b0a9d38cfb1466d01bcd28733c21507146e7d85 \
    --hash=sha256:5ea24e790f9f4601c7b591395e2b6a0d418345854e395ec65a6f9b4b58da7af3 \
    --hash=sha256:657797cc284ab1da4feb20de476806db9a39f1535c5f8e40e5f2ebe149335eea \
    --hash=sha256:675c559d287fe7385d7aa87b4f649de49ec8431396d70f7ad25ae05b0ef0c0ea \
    --hash=sha256:688d0282e94376aec608505266a04b8d36b1f026eabc9237ce2b31e7b8c0f2ee \
    --hash=sha256:6bb60b8e80101cc749ff517f0d3fa77c54e6b06f29cba10faea75f32f253cbbd \
    --hash=sha256:702f94d6d1a61c01ab68dd3a6e7a0ee9128302d1f79683707e92e9dab46a8e21 \
    --hash=sha256:7b514f47729ae5b9b42f066163ad509d020c34cacdda3c5efb972f3336213318 \
    --hash=sha256:7b97d3eb3343627a5b3ce18600f819001fbb8f29271e19beb586c10df8c32654 \
    --hash=sha256:7bba8a4e7639c1ae5aee9bcf18d994a8b5fcc00b862ca5e82a52a1134b4bf517 \
    --hash=sha256:7e979f2f565719590d19c4d8313f69ea040cc74b4c12658b8ecd5e51fc7266cd \
    --hash=sha256:871e72adae8ae206445debfff0b2f049c7c1f984408346574ed38a2e7f0de172 \
    --hash=sha256:89914b9ba91604e9f6c67d115631e74aa03161e415780d8f5dabe0b4e59b31ca \
    --hash=sha256:98c752236f6e2415b33d24e99ae4dee9f36181bc322f2103053f23dc8d699cca \
    --hash=sha256:9bac55a6aa70797b436c2fc0f25435389bc6443bc7ba1b39a459df3173152b63 \
    --hash=sha256:9e260a6f2f4441b83c86981fe29191076b4350d5868b630a6545b386dd4223c4 \
    --hash=sha256:a154a96a84b04b868596ab17eb45c16bf2af25fda8356ea36da35463b25b31bb \
    --hash=sha256:a91538270ab1e10e0df10c66373e68f6e3e884701593c943e67f82a73ad728f1 \
    --hash=sha256:aab19746b9878ed64f7631c0fbe336cec65679c6c31c1489aaea933adf66b2d6 \
    --hash=sha256:ab58e7a159b0cc91db41783e2790371bb0ba4a701ab215b3ccce12cdc48a3f81 \
    --hash=sha256:b0c9aed238135f9adcf8c686ca49c479a6715ef3fc1ab826b24232d2dda7b761 \
    --hash=sha256:b69c26aca186d2b3e4f4b7789a74d9ea81202ecae04105a663939dd85e561d05 \
    --hash=sha256:b76cdefeb7ebe5a3cd8cdd0b1761113d5a64e3031c38c1de873a289ced574eff \
    --hash=sha256:b80006e2f9ca9f7d094209438688b1b7ab1f8231ecd41b1917669d09fdd0f62f \
    --hash=sha256:b8872c85242c46286849c7cb1c0d44d0c75db9fc654ccce351b3dcf26d580b04 \
    --hash=sha256:b903d00e9689a103d453554d794b8ed0f13148366cee08fa8c802e5d85f1ae51 \
    --hash=sha256:bbd2b73902a44426080190d653fa35638a93b6c6725c2be76888b4b614bc0b48 \
    --hash=sha256:c33836e55d7f8edacac0dc2283bb60b33aa81e176207cc5f52813c41f52191c0 \
    --hash=sha256:c3e87bb627e469c6e901c47ab9fab3a38e98250dc4032d505cf7f83c2e2eee2f \
    --hash=sha256:c74baa9873150f5a7ebf0d7800a22171ec75ae76942f2464b951cb2b3fbcf00d \
    --hash=sha256:c883d1d64c92df375a6bbee909e65fb76fc47ae92c88261e338bc79b5b505fd5 \
    --hash=sha256:ce6c548e665759b6150cef4db9ab9d7bdd89857e90c513abd6b7340bdd7dbd6a \
    --hash=sha256:d5307ca6ad418200e37dcb12ff5fe5a689f3e559da6342442a82ca98ac703e60 \
    --hash=sha256:d542814f914ee78876276db7417f515f53d33a61b84b68f7256a7a603dc73e59 \
    --hash=sha256:d8d855f783936b7b50a72c30d74330229bbbeda799dfcd1981e0d38973b1ce69 \
    --hash=sha256:dbec6e928e75629063bd29775611c390bbd3737e9a5b6546545bcf6cebbc85d0 \
    --hash=sha256:df3b7c3166646a941c151da5981640e930658e96829dc6177834e763d8327d8d \
    --hash=sha256:e1aa55ec953ffd0c393d59260a7e26dfd57d6d0347c13c95f9987ff5cfe0d98d \
    --hash=sha256:e226fd343924b685c09f9e20cadf4e50693f08824846feef6c6cb05173e407ad \
    --hash=sha256:e35edcd3d61c945b4d5e98a04a3d2e2ee2bd7ab92a588b0475356e144ccc2680 \
    --hash=sha256:e573682524d71e8e44b6cdbadbeb9c472a8c3af21de7eead794661b250e04fa1 \
    --hash=sha256:eb9b7933f4e002131710855d79556f7860e617316de969742c3d38ad06ff4722 \
    --hash=sha256:ebdacd288faddd519cef12c87e02f6af1d37ee99e15ad6cd2fd91a8043cb9832 \
    --hash=sha256:ec78ae3d72cf6050fcc4179a0c9ecda935b495396336560a26c49f2c0f8bb0ad \
    --hash=sha256:ed1a629cbed1d040229b0a3fc3447f4c996e184cc4a98afa43e8ab675de07841 \
    --hash=sha256:f3a404649c8dd1ba3cedbb56807dd2b8339ec27b2864df333f90a98f931a5286 \
    --hash=sha256:f8193a17d718ae5a9059c4fbbaefbf937c9bb5eeccb9dd66f9aafcacfec4cefc \
    --hash=sha256:fa644376895d00b7a556370c7cc7979af94053c012e61df44d431c25db1ade99 \
    --hash=sha256:facffd6e4392869b3a53b674df502f9f90846a6ccb70045eebe8e40306f5b0d9 \
    --hash=sha256:fb1880444668e2a384e925490f1d969ae702bda4472c112a18255446f98ad86b \
    --hash=sha256:fb544b545c725a13d208cb67f5f8a168b18a568ad0a78e07894f3b913f8225f9 \
    --hash=sha256:fef170e0c995ddeb8828caf07921077f940d634ab6fafd6955f1df88922ee29d

# A build dependency, not a runtime one. Without it `pip install .` turns on
# build isolation and quietly fetches setuptools from PyPI, outside the
# --require-hashes check. Having it here allows --no-build-isolation, i.e. no
# network at build time.
setuptools==84.0.0 \
    --hash=sha256:51a52592b3b99e102b609654876bd65f19f999935166d1352678931132b0c670 \
    --hash=sha256:f4695c21257f0d9b537ec2692c941d02ee143b7cc1276941349a546573b2ef73
